lockfileVersion: '6.0'

settings:
  autoInstallPeers: true
  excludeLinksFromLockfile: false

dependencies:
  protobufjs:
    specifier: ^7.2.5
    version: 7.2.5
  react:
    specifier: ^18.2.0
    version: 18.2.0

packages:

  /@types/node@20.9.0:
    resolution: {integrity: sha512-nekiGu2NDb1BcVofVcEKMIwzlx4NjHlcjhoxxKBNLtz15Y1z7MYf549DFvkHSId02Ax6kGwWntIBPC3l/JZcmw==}
    dependencies:
      undici-types: 5.26.5
    dev: false

  /long@5.2.3:
    resolution: {integrity: sha512-lcHwpNoggQTObv5apGNCTdJrO69eHOZMi4BNC+rTLER8iHAqGrUVeLh/irVIM7zTw2bOXA8T6uNPeujwOLg/2Q==}
    dev: false

  /protobufjs@7.2.5:
    resolution: {integrity: sha512-gGXRSXvxQ7UiPgfw8gevrfRWcTlSbOFg+p/N+JVJEK5VhueL2miT6qTymqAmjr1Q5WbOCyJbyrk6JfWKwlFn6A==}
    engines: {node: '>=12.0.0'}
    requiresBuild: true
    dependencies:
      '@protobufjs/aspromise': r2.cnpmjs.org/@protobufjs/aspromise@1.1.2
      '@protobufjs/base64': r2.cnpmjs.org/@protobufjs/base64@1.1.2
      '@protobufjs/codegen': r2.cnpmjs.org/@protobufjs/codegen@2.0.4
      '@protobufjs/eventemitter': r2.cnpmjs.org/@protobufjs/eventemitter@1.1.0
      '@protobufjs/fetch': r2.cnpmjs.org/@protobufjs/fetch@1.1.0
      '@protobufjs/float': r2.cnpmjs.org/@protobufjs/float@1.0.2
      '@protobufjs/inquire': r2.cnpmjs.org/@protobufjs/inquire@1.1.0
      '@protobufjs/path': r2.cnpmjs.org/@protobufjs/path@1.1.2
      '@protobufjs/pool': r2.cnpmjs.org/@protobufjs/pool@1.1.0
      '@protobufjs/utf8': r2.cnpmjs.org/@protobufjs/utf8@1.1.0
      '@types/node': 20.9.0
      long: 5.2.3
    dev: false

  /react@18.2.0:
    resolution: {integrity: sha512-/3IjMdb2L9QbBdWiW5e3P2/npwMBaU9mHCSCUzNln0ZCYbcfTsGbTJrU/kGemdH2IWmB2ioZ+zkxtmq6g09fGQ==}
    engines: {node: '>=0.10.0'}
    dependencies:
      loose-envify: r2.cnpmjs.org/loose-envify@1.4.0
    dev: false

  /undici-types@5.26.5:
    resolution: {integrity: sha512-JlCMO+ehdEIKqlFxk6IfVoAUVmgz7cU7zD/h9XZ0qzeosSHmUJVOzSQvvYSYWXkFXC+IfLKSIffhv0sVZup6pA==}
    dev: false

  r2.cnpmjs.org/@protobufjs/aspromise@1.1.2:
    resolution: {integrity: sha512-j+gKExEuLmKwvz3OgROXtrJ2UG2x8Ch2YZUxahh+s1F2HZ+wAceUNLkvy6zKCPVRkU++ZWQrdxsUeQXmcg4uoQ==, registry: https://r.cnpmjs.org/, tarball: https://r2.cnpmjs.org/@protobufjs/aspromise/-/aspromise-1.1.2.tgz}
    name: '@protobufjs/aspromise'
    version: 1.1.2
    dev: false

  r2.cnpmjs.org/@protobufjs/base64@1.1.2:
    resolution: {integrity: sha512-AZkcAA5vnN/v4PDqKyMR5lx7hZttPDgClv83E//FMNhR2TMcLUhfRUBHCmSl0oi9zMgDDqRUJkSxO3wm85+XLg==, registry: https://r.cnpmjs.org/, tarball: https://r2.cnpmjs.org/@protobufjs/base64/-/base64-1.1.2.tgz}
    name: '@protobufjs/base64'
    version: 1.1.2
    dev: false

  r2.cnpmjs.org/@protobufjs/codegen@2.0.4:
    resolution: {integrity: sha512-YyFaikqM5sH0ziFZCN3xDC7zeGaB/d0IUb9CATugHWbd1FRFwWwt4ld4OYMPWu5a3Xe01mGAULCdqhMlPl29Jg==, registry: https://r.cnpmjs.org/, tarball: https://r2.cnpmjs.org/@protobufjs/codegen/-/codegen-2.0.4.tgz}
    name: '@protobufjs/codegen'
    version: 2.0.4
    dev: false

  r2.cnpmjs.org/@protobufjs/eventemitter@1.1.0:
    resolution: {integrity: sha512-j9ednRT81vYJ9OfVuXG6ERSTdEL1xVsNgqpkxMsbIabzSo3goCjDIveeGv5d03om39ML71RdmrGNjG5SReBP/Q==, registry: https://r.cnpmjs.org/, tarball: https://r2.cnpmjs.org/@protobufjs/eventemitter/-/eventemitter-1.1.0.tgz}
    name: '@protobufjs/eventemitter'
    version: 1.1.0
    dev: false

  r2.cnpmjs.org/@protobufjs/fetch@1.1.0:
    resolution: {integrity: sha512-lljVXpqXebpsijW71PZaCYeIcE5on1w5DlQy5WH6GLbFryLUrBD4932W/E2BSpfRJWseIL4v/KPgBFxDOIdKpQ==, registry: https://r.cnpmjs.org/, tarball: https://r2.cnpmjs.org/@protobufjs/fetch/-/fetch-1.1.0.tgz}
    name: '@protobufjs/fetch'
    version: 1.1.0
    dependencies:
      '@protobufjs/aspromise': r2.cnpmjs.org/@protobufjs/aspromise@1.1.2
      '@protobufjs/inquire': r2.cnpmjs.org/@protobufjs/inquire@1.1.0
    dev: false

  r2.cnpmjs.org/@protobufjs/float@1.0.2:
    resolution: {integrity: sha512-Ddb+kVXlXst9d+R9PfTIxh1EdNkgoRe5tOX6t01f1lYWOvJnSPDBlG241QLzcyPdoNTsblLUdujGSE4RzrTZGQ==, registry: https://r.cnpmjs.org/, tarball: https://r2.cnpmjs.org/@protobufjs/float/-/float-1.0.2.tgz}
    name: '@protobufjs/float'
    version: 1.0.2
    dev: false

  r2.cnpmjs.org/@protobufjs/inquire@1.1.0:
    resolution: {integrity: sha512-kdSefcPdruJiFMVSbn801t4vFK7KB/5gd2fYvrxhuJYg8ILrmn9SKSX2tZdV6V+ksulWqS7aXjBcRXl3wHoD9Q==, registry: https://r.cnpmjs.org/, tarball: https://r2.cnpmjs.org/@protobufjs/inquire/-/inquire-1.1.0.tgz}
    name: '@protobufjs/inquire'
    version: 1.1.0
    dev: false

  r2.cnpmjs.org/@protobufjs/path@1.1.2:
    resolution: {integrity: sha512-6JOcJ5Tm08dOHAbdR3GrvP+yUUfkjG5ePsHYczMFLq3ZmMkAD98cDgcT2iA1lJ9NVwFd4tH/iSSoe44YWkltEA==, registry: https://r.cnpmjs.org/, tarball: https://r2.cnpmjs.org/@protobufjs/path/-/path-1.1.2.tgz}
    name: '@protobufjs/path'
    version: 1.1.2
    dev: false

  r2.cnpmjs.org/@protobufjs/pool@1.1.0:
    resolution: {integrity: sha512-0kELaGSIDBKvcgS4zkjz1PeddatrjYcmMWOlAuAPwAeccUrPHdUqo/J6LiymHHEiJT5NrF1UVwxY14f+fy4WQw==, registry: https://r.cnpmjs.org/, tarball: https://r2.cnpmjs.org/@protobufjs/pool/-/pool-1.1.0.tgz}
    name: '@protobufjs/pool'
    version: 1.1.0
    dev: false

  r2.cnpmjs.org/@protobufjs/utf8@1.1.0:
    resolution: {integrity: sha512-Vvn3zZrhQZkkBE8LSuW3em98c0FwgO4nxzv6OdSxPKJIEKY2bGbHn+mhGIPerzI4twdxaP8/0+06HBpwf345Lw==, registry: https://r.cnpmjs.org/, tarball: https://r2.cnpmjs.org/@protobufjs/utf8/-/utf8-1.1.0.tgz}
    name: '@protobufjs/utf8'
    version: 1.1.0
    dev: false

  r2.cnpmjs.org/js-tokens@4.0.0:
    resolution: {integrity: sha512-RdJUflcE3cUzKiMqQgsCu06FPu9UdIJO0beYbPhHN4k6apgJtifcoCtT9bcxOpYBtpD2kCM6Sbzg4CausW/PKQ==, registry: https://r.cnpmjs.org/, tarball: https://r2.cnpmjs.org/js-tokens/-/js-tokens-4.0.0.tgz}
    name: js-tokens
    version: 4.0.0
    dev: false

  r2.cnpmjs.org/loose-envify@1.4.0:
    resolution: {integrity: sha512-lyuxPGr/Wfhrlem2CL/UcnUc1zcqKAImBDzukY7Y5F/yQiNdko6+fRLevlw1HgMySw7f611UIY408EtxRSoK3Q==, registry: https://r.cnpmjs.org/, tarball: https://r2.cnpmjs.org/loose-envify/-/loose-envify-1.4.0.tgz}
    name: loose-envify
    version: 1.4.0
    hasBin: true
    dependencies:
      js-tokens: r2.cnpmjs.org/js-tokens@4.0.0
    dev: false
